{"is_source_file": false, "format": "", "description": "", "external_files": [], "external_methods": [], "published": [], "classes": [], "methods": [], "calls": [], "search-terms": [], "state": 2, "file_id": 3, "knowledge_revision": 7, "git_revision": "af6533e21f5bcd5cfddf8311899b6397b2caebb5", "hash": "b7eea264a73aebd06432ef6588eb3d52", "format-version": 4, "code-base-name": "default", "filename": "2048_webmaster/post_process_status.lock", "revision_history": [{"7": "af6533e21f5bcd5cfddf8311899b6397b2caebb5"}]}